
Microsoft Visual Studio Solution File, Format Version 12.00
# Visual Studio 2012
Project("{FAE04EC0-301F-11D3-BF4B-00C04F79EFBC}") = "MouseReader2", "MouseReader2\MouseReader2.csproj", "{B69E609B-15BA-4138-A21B-7726631366E3}"
EndProject
Global
	GlobalSection(SolutionConfigurationPlatforms) = preSolution
		Debug|Any CPU = Debug|Any CPU
		Release|Any CPU = Release|Any CPU
	EndGlobalSection
	GlobalSection(ProjectConfigurationPlatforms) = postSolution
		{B69E609B-15BA-4138-A21B-7726631366E3}.Debug|Any CPU.ActiveCfg = Debug|Any CPU
		{B69E609B-15BA-4138-A21B-7726631366E3}.Debug|Any CPU.Build.0 = Debug|Any CPU
		{B69E609B-15BA-4138-A21B-7726631366E3}.Release|Any CPU.ActiveCfg = Release|Any CPU
		{B69E609B-15BA-4138-A21B-7726631366E3}.Release|Any CPU.Build.0 = Release|Any CPU
	EndGlobalSection
	GlobalSection(SolutionProperties) = preSolution
		HideSolutionNode = FALSE
	EndGlobalSection
EndGlobal
